// !$*UTF8*$!
{
	archiveVersion = 1;
	classes = {
	};
	objectVersion = 56;
	objects = {

/* Begin PBXBuildFile section */
		300000000000000000000001 /* LogickyApp.swift in Sources */ = {isa = PBXBuildFile; fileRef = 200000000000000000000001 /* LogickyApp.swift */; };
		300000000000000000000002 /* RootView.swift in Sources */ = {isa = PBXBuildFile; fileRef = 200000000000000000000002 /* RootView.swift */; };
		300000000000000000000003 /* Question.swift in Sources */ = {isa = PBXBuildFile; fileRef = 200000000000000000000003 /* Question.swift */; };
		300000000000000000000005 /* QuizResult.swift in Sources */ = {isa = PBXBuildFile; fileRef = 200000000000000000000005 /* QuizResult.swift */; };
		300000000000000000000006 /* QuizViewModel.swift in Sources */ = {isa = PBXBuildFile; fileRef = 200000000000000000000006 /* QuizViewModel.swift */; };
		300000000000000000000007 /* SplashView.swift in Sources */ = {isa = PBXBuildFile; fileRef = 200000000000000000000007 /* SplashView.swift */; };
		300000000000000000000008 /* HomeView.swift in Sources */ = {isa = PBXBuildFile; fileRef = 200000000000000000000008 /* HomeView.swift */; };
		300000000000000000000009 /* QuizContainerView.swift in Sources */ = {isa = PBXBuildFile; fileRef = 200000000000000000000009 /* QuizContainerView.swift */; };
		30000000000000000000000A /* MultipleChoiceView.swift in Sources */ = {isa = PBXBuildFile; fileRef = 20000000000000000000000A /* MultipleChoiceView.swift */; };
		30000000000000000000000B /* FreeTextView.swift in Sources */ = {isa = PBXBuildFile; fileRef = 20000000000000000000000B /* FreeTextView.swift */; };
		30000000000000000000000C /* ResultView.swift in Sources */ = {isa = PBXBuildFile; fileRef = 20000000000000000000000C /* ResultView.swift */; };
		30000000000000000000000D /* RadarChartView.swift in Sources */ = {isa = PBXBuildFile; fileRef = 20000000000000000000000D /* RadarChartView.swift */; };
		30000000000000000000000E /* QuestionService.swift in Sources */ = {isa = PBXBuildFile; fileRef = 20000000000000000000000E /* QuestionService.swift */; };
		30000000000000000000000F /* questions.json in Resources */ = {isa = PBXBuildFile; fileRef = 20000000000000000000000F /* questions.json */; };
		300000000000000000000010 /* Assets.xcassets in Resources */ = {isa = PBXBuildFile; fileRef = 200000000000000000000010 /* Assets.xcassets */; };
		BFIL000000000000000000001 /* Unit.swift in Sources */ = {isa = PBXBuildFile; fileRef = FILE000000000000000000001 /* Unit.swift */; };
		BFIL000000000000000000002 /* Attempt.swift in Sources */ = {isa = PBXBuildFile; fileRef = FILE000000000000000000002 /* Attempt.swift */; };
		BFIL000000000000000000003 /* HomeViewModel.swift in Sources */ = {isa = PBXBuildFile; fileRef = FILE000000000000000000003 /* HomeViewModel.swift */; };
		BFIL000000000000000000004 /* HistoryView.swift in Sources */ = {isa = PBXBuildFile; fileRef = FILE000000000000000000004 /* HistoryView.swift */; };
		BFIL000000000000000000005 /* AttemptService.swift in Sources */ = {isa = PBXBuildFile; fileRef = FILE000000000000000000005 /* AttemptService.swift */; };
		BFIL000000000000000000006 /* ScoringService.swift in Sources */ = {isa = PBXBuildFile; fileRef = FILE000000000000000000006 /* ScoringService.swift */; };
		NBLD000000000000000000001 /* LevelSelectionView.swift in Sources */ = {isa = PBXBuildFile; fileRef = NFIL000000000000000000001 /* LevelSelectionView.swift */; };
		NBLD000000000000000000002 /* UnitSelectionView.swift in Sources */ = {isa = PBXBuildFile; fileRef = NFIL000000000000000000002 /* UnitSelectionView.swift */; };
		NBLD000000000000000000003 /* UnitDetailView.swift in Sources */ = {isa = PBXBuildFile; fileRef = NFIL000000000000000000003 /* UnitDetailView.swift */; };
		NBLD000000000000000000004 /* ThinkingMethod.swift in Sources */ = {isa = PBXBuildFile; fileRef = NFIL000000000000000000004 /* ThinkingMethod.swift */; };
		NBLD000000000000000000005 /* ThinkingMethodService.swift in Sources */ = {isa = PBXBuildFile; fileRef = NFIL000000000000000000005 /* ThinkingMethodService.swift */; };
		NBLD000000000000000000006 /* DictionaryListView.swift in Sources */ = {isa = PBXBuildFile; fileRef = NFIL000000000000000000006 /* DictionaryListView.swift */; };
		NBLD000000000000000000007 /* DictionaryDetailView.swift in Sources */ = {isa = PBXBuildFile; fileRef = NFIL000000000000000000007 /* DictionaryDetailView.swift */; };
		NBLD000000000000000000008 /* thinking_methods.json in Resources */ = {isa = PBXBuildFile; fileRef = NFIL000000000000000000008 /* thinking_methods.json */; };
		NBLD000000000000000000009 /* DiagnosticResult.swift in Sources */ = {isa = PBXBuildFile; fileRef = NFIL000000000000000000009 /* DiagnosticResult.swift */; };
		NBLD000000000000000000010 /* DiagnosticService.swift in Sources */ = {isa = PBXBuildFile; fileRef = NFIL000000000000000000010 /* DiagnosticService.swift */; };
		NBLD000000000000000000011 /* DiagnosticViewModel.swift in Sources */ = {isa = PBXBuildFile; fileRef = NFIL000000000000000000011 /* DiagnosticViewModel.swift */; };
		NBLD000000000000000000012 /* DiagnosticStartView.swift in Sources */ = {isa = PBXBuildFile; fileRef = NFIL000000000000000000012 /* DiagnosticStartView.swift */; };
		NBLD000000000000000000013 /* DiagnosticQuizView.swift in Sources */ = {isa = PBXBuildFile; fileRef = NFIL000000000000000000013 /* DiagnosticQuizView.swift */; };
		NBLD000000000000000000014 /* DiagnosticResultView.swift in Sources */ = {isa = PBXBuildFile; fileRef = NFIL000000000000000000014 /* DiagnosticResultView.swift */; };
		NBLD000000000000000000015 /* ResultReviewView.swift in Sources */ = {isa = PBXBuildFile; fileRef = NFIL000000000000000000015 /* ResultReviewView.swift */; };
/* End PBXBuildFile section */

/* Begin PBXFileReference section */
		200000000000000000000001 /* LogickyApp.swift */ = {isa = PBXFileReference; lastKnownFileType = sourcecode.swift; path = LogickyApp.swift; sourceTree = "<group>"; };
		200000000000000000000002 /* RootView.swift */ = {isa = PBXFileReference; lastKnownFileType = sourcecode.swift; path = RootView.swift; sourceTree = "<group>"; };
		200000000000000000000003 /* Question.swift */ = {isa = PBXFileReference; lastKnownFileType = sourcecode.swift; path = Question.swift; sourceTree = "<group>"; };
		200000000000000000000005 /* QuizResult.swift */ = {isa = PBXFileReference; lastKnownFileType = sourcecode.swift; path = QuizResult.swift; sourceTree = "<group>"; };
		200000000000000000000006 /* QuizViewModel.swift */ = {isa = PBXFileReference; lastKnownFileType = sourcecode.swift; path = QuizViewModel.swift; sourceTree = "<group>"; };
		200000000000000000000007 /* SplashView.swift */ = {isa = PBXFileReference; lastKnownFileType = sourcecode.swift; path = SplashView.swift; sourceTree = "<group>"; };
		200000000000000000000008 /* HomeView.swift */ = {isa = PBXFileReference; lastKnownFileType = sourcecode.swift; path = HomeView.swift; sourceTree = "<group>"; };
		200000000000000000000009 /* QuizContainerView.swift */ = {isa = PBXFileReference; lastKnownFileType = sourcecode.swift; path = QuizContainerView.swift; sourceTree = "<group>"; };
		20000000000000000000000A /* MultipleChoiceView.swift */ = {isa = PBXFileReference; lastKnownFileType = sourcecode.swift; path = MultipleChoiceView.swift; sourceTree = "<group>"; };
		20000000000000000000000B /* FreeTextView.swift */ = {isa = PBXFileReference; lastKnownFileType = sourcecode.swift; path = FreeTextView.swift; sourceTree = "<group>"; };
		20000000000000000000000C /* ResultView.swift */ = {isa = PBXFileReference; lastKnownFileType = sourcecode.swift; path = ResultView.swift; sourceTree = "<group>"; };
		20000000000000000000000D /* RadarChartView.swift */ = {isa = PBXFileReference; lastKnownFileType = sourcecode.swift; path = RadarChartView.swift; sourceTree = "<group>"; };
		20000000000000000000000E /* QuestionService.swift */ = {isa = PBXFileReference; lastKnownFileType = sourcecode.swift; path = QuestionService.swift; sourceTree = "<group>"; };
		20000000000000000000000F /* questions.json */ = {isa = PBXFileReference; lastKnownFileType = text.json; path = questions.json; sourceTree = "<group>"; };
		200000000000000000000010 /* Assets.xcassets */ = {isa = PBXFileReference; lastKnownFileType = folder.assetcatalog; path = Assets.xcassets; sourceTree = "<group>"; };
		400000000000000000000001 /* Logicky.app */ = {isa = PBXFileReference; explicitFileType = wrapper.application; includeInIndex = 0; path = Logicky.app; sourceTree = BUILT_PRODUCTS_DIR; };
		FILE000000000000000000001 /* Unit.swift */ = {isa = PBXFileReference; lastKnownFileType = sourcecode.swift; path = Unit.swift; sourceTree = "<group>"; };
		FILE000000000000000000002 /* Attempt.swift */ = {isa = PBXFileReference; lastKnownFileType = sourcecode.swift; path = Attempt.swift; sourceTree = "<group>"; };
		FILE000000000000000000003 /* HomeViewModel.swift */ = {isa = PBXFileReference; lastKnownFileType = sourcecode.swift; path = HomeViewModel.swift; sourceTree = "<group>"; };
		FILE000000000000000000004 /* HistoryView.swift */ = {isa = PBXFileReference; lastKnownFileType = sourcecode.swift; path = HistoryView.swift; sourceTree = "<group>"; };
		FILE000000000000000000005 /* AttemptService.swift */ = {isa = PBXFileReference; lastKnownFileType = sourcecode.swift; path = AttemptService.swift; sourceTree = "<group>"; };
		FILE000000000000000000006 /* ScoringService.swift */ = {isa = PBXFileReference; lastKnownFileType = sourcecode.swift; path = ScoringService.swift; sourceTree = "<group>"; };
		NFIL000000000000000000001 /* LevelSelectionView.swift */ = {isa = PBXFileReference; lastKnownFileType = sourcecode.swift; path = LevelSelectionView.swift; sourceTree = "<group>"; };
		NFIL000000000000000000002 /* UnitSelectionView.swift */ = {isa = PBXFileReference; lastKnownFileType = sourcecode.swift; path = UnitSelectionView.swift; sourceTree = "<group>"; };
		NFIL000000000000000000003 /* UnitDetailView.swift */ = {isa = PBXFileReference; lastKnownFileType = sourcecode.swift; path = UnitDetailView.swift; sourceTree = "<group>"; };
		NFIL000000000000000000004 /* ThinkingMethod.swift */ = {isa = PBXFileReference; lastKnownFileType = sourcecode.swift; path = ThinkingMethod.swift; sourceTree = "<group>"; };
		NFIL000000000000000000005 /* ThinkingMethodService.swift */ = {isa = PBXFileReference; lastKnownFileType = sourcecode.swift; path = ThinkingMethodService.swift; sourceTree = "<group>"; };
		NFIL000000000000000000006 /* DictionaryListView.swift */ = {isa = PBXFileReference; lastKnownFileType = sourcecode.swift; path = DictionaryListView.swift; sourceTree = "<group>"; };
		NFIL000000000000000000007 /* DictionaryDetailView.swift */ = {isa = PBXFileReference; lastKnownFileType = sourcecode.swift; path = DictionaryDetailView.swift; sourceTree = "<group>"; };
		NFIL000000000000000000008 /* thinking_methods.json */ = {isa = PBXFileReference; lastKnownFileType = text.json; path = thinking_methods.json; sourceTree = "<group>"; };
		NFIL000000000000000000009 /* DiagnosticResult.swift */ = {isa = PBXFileReference; lastKnownFileType = sourcecode.swift; path = DiagnosticResult.swift; sourceTree = "<group>"; };
		NFIL000000000000000000010 /* DiagnosticService.swift */ = {isa = PBXFileReference; lastKnownFileType = sourcecode.swift; path = DiagnosticService.swift; sourceTree = "<group>"; };
		NFIL000000000000000000011 /* DiagnosticViewModel.swift */ = {isa = PBXFileReference; lastKnownFileType = sourcecode.swift; path = DiagnosticViewModel.swift; sourceTree = "<group>"; };
		NFIL000000000000000000012 /* DiagnosticStartView.swift */ = {isa = PBXFileReference; lastKnownFileType = sourcecode.swift; path = DiagnosticStartView.swift; sourceTree = "<group>"; };
		NFIL000000000000000000013 /* DiagnosticQuizView.swift */ = {isa = PBXFileReference; lastKnownFileType = sourcecode.swift; path = DiagnosticQuizView.swift; sourceTree = "<group>"; };
		NFIL000000000000000000014 /* DiagnosticResultView.swift */ = {isa = PBXFileReference; lastKnownFileType = sourcecode.swift; path = DiagnosticResultView.swift; sourceTree = "<group>"; };
		NFIL000000000000000000015 /* ResultReviewView.swift */ = {isa = PBXFileReference; lastKnownFileType = sourcecode.swift; path = ResultReviewView.swift; sourceTree = "<group>"; };
/* End PBXFileReference section */

/* Begin PBXFrameworksBuildPhase section */
		070000000000000000000001 /* Frameworks */ = {
			isa = PBXFrameworksBuildPhase;
			buildActionMask = 2147483647;
			files = (
			);
			runOnlyForDeploymentPostprocessing = 0;
		};
/* End PBXFrameworksBuildPhase section */

/* Begin PBXGroup section */
		100000000000000000000001 /* Logicky */ = {
			isa = PBXGroup;
			children = (
				110000000000000000000001 /* App */,
				FEAT000000000000000000001 /* Features */,
				CORE000000000000000000001 /* Core */,
				150000000000000000000001 /* Services */,
				160000000000000000000001 /* Resources */,
				200000000000000000000010 /* Assets.xcassets */,
			);
			path = Logicky;
			sourceTree = "<group>";
		};
		100000000000000000000002 /* Products */ = {
			isa = PBXGroup;
			children = (
				400000000000000000000001 /* Logicky.app */,
			);
			name = Products;
			sourceTree = "<group>";
		};
		110000000000000000000001 /* App */ = {
			isa = PBXGroup;
			children = (
				200000000000000000000001 /* LogickyApp.swift */,
				200000000000000000000002 /* RootView.swift */,
			);
			path = App;
			sourceTree = "<group>";
		};
		150000000000000000000001 /* Services */ = {
			isa = PBXGroup;
			children = (
				SVCG000000000000000000001 /* QuestionService */,
				SVCG000000000000000000002 /* AttemptService */,
				SVCG000000000000000000003 /* ScoringService */,
				NGRP000000000000000000002 /* ThinkingMethodService */,
				NGRP000000000000000000003 /* DiagnosticService */,
			);
			path = Services;
			sourceTree = "<group>";
		};
		160000000000000000000001 /* Resources */ = {
			isa = PBXGroup;
			children = (
				20000000000000000000000F /* questions.json */,
				NFIL000000000000000000008 /* thinking_methods.json */,
			);
			path = Resources;
			sourceTree = "<group>";
		};
		CORE000000000000000000001 /* Core */ = {
			isa = PBXGroup;
			children = (
				CORE000000000000000000002 /* Models */,
			);
			path = Core;
			sourceTree = "<group>";
		};
		CORE000000000000000000002 /* Models */ = {
			isa = PBXGroup;
			children = (
				200000000000000000000003 /* Question.swift */,
				200000000000000000000005 /* QuizResult.swift */,
				FILE000000000000000000001 /* Unit.swift */,
				FILE000000000000000000002 /* Attempt.swift */,
				NFIL000000000000000000004 /* ThinkingMethod.swift */,
				NFIL000000000000000000009 /* DiagnosticResult.swift */,
			);
			path = Models;
			sourceTree = "<group>";
		};
		F00000000000000000000001 = {
			isa = PBXGroup;
			children = (
				100000000000000000000001 /* Logicky */,
				100000000000000000000002 /* Products */,
			);
			sourceTree = "<group>";
		};
		FEAT000000000000000000001 /* Features */ = {
			isa = PBXGroup;
			children = (
				FEAT000000000000000000002 /* Onboarding */,
				FEAT000000000000000000003 /* Home */,
				FEAT000000000000000000004 /* Questions */,
				FEAT000000000000000000005 /* Results */,
				FEAT000000000000000000006 /* History */,
				FEAT000000000000000000007 /* Settings */,
				NGRP000000000000000000001 /* Dictionary */,
				NGRP000000000000000000004 /* Diagnostic */,
			);
			path = Features;
			sourceTree = "<group>";
		};
		FEAT000000000000000000002 /* Onboarding */ = {
			isa = PBXGroup;
			children = (
				200000000000000000000007 /* SplashView.swift */,
			);
			path = Onboarding;
			sourceTree = "<group>";
		};
		FEAT000000000000000000003 /* Home */ = {
			isa = PBXGroup;
			children = (
				200000000000000000000008 /* HomeView.swift */,
				FILE000000000000000000003 /* HomeViewModel.swift */,
				NFIL000000000000000000001 /* LevelSelectionView.swift */,
				NFIL000000000000000000002 /* UnitSelectionView.swift */,
				NFIL000000000000000000003 /* UnitDetailView.swift */,
			);
			path = Home;
			sourceTree = "<group>";
		};
		FEAT000000000000000000004 /* Questions */ = {
			isa = PBXGroup;
			children = (
				200000000000000000000009 /* QuizContainerView.swift */,
				20000000000000000000000A /* MultipleChoiceView.swift */,
				20000000000000000000000B /* FreeTextView.swift */,
				200000000000000000000006 /* QuizViewModel.swift */,
			);
			path = Questions;
			sourceTree = "<group>";
		};
		FEAT000000000000000000005 /* Results */ = {
			isa = PBXGroup;
			children = (
				20000000000000000000000C /* ResultView.swift */,
				20000000000000000000000D /* RadarChartView.swift */,
				NFIL000000000000000000015 /* ResultReviewView.swift */,
			);
			path = Results;
			sourceTree = "<group>";
		};
		FEAT000000000000000000006 /* History */ = {
			isa = PBXGroup;
			children = (
				FILE000000000000000000004 /* HistoryView.swift */,
			);
			path = History;
			sourceTree = "<group>";
		};
		FEAT000000000000000000007 /* Settings */ = {
			isa = PBXGroup;
			children = (
			);
			path = Settings;
			sourceTree = "<group>";
		};
		NGRP000000000000000000001 /* Dictionary */ = {
			isa = PBXGroup;
			children = (
				NFIL000000000000000000006 /* DictionaryListView.swift */,
				NFIL000000000000000000007 /* DictionaryDetailView.swift */,
			);
			path = Dictionary;
			sourceTree = "<group>";
		};
		NGRP000000000000000000002 /* ThinkingMethodService */ = {
			isa = PBXGroup;
			children = (
				NFIL000000000000000000005 /* ThinkingMethodService.swift */,
			);
			path = ThinkingMethodService;
			sourceTree = "<group>";
		};
		NGRP000000000000000000003 /* DiagnosticService */ = {
			isa = PBXGroup;
			children = (
				NFIL000000000000000000010 /* DiagnosticService.swift */,
			);
			path = DiagnosticService;
			sourceTree = "<group>";
		};
		NGRP000000000000000000004 /* Diagnostic */ = {
			isa = PBXGroup;
			children = (
				NFIL000000000000000000011 /* DiagnosticViewModel.swift */,
				NFIL000000000000000000012 /* DiagnosticStartView.swift */,
				NFIL000000000000000000013 /* DiagnosticQuizView.swift */,
				NFIL000000000000000000014 /* DiagnosticResultView.swift */,
			);
			path = Diagnostic;
			sourceTree = "<group>";
		};
		SVCG000000000000000000001 /* QuestionService */ = {
			isa = PBXGroup;
			children = (
				20000000000000000000000E /* QuestionService.swift */,
			);
			path = QuestionService;
			sourceTree = "<group>";
		};
		SVCG000000000000000000002 /* AttemptService */ = {
			isa = PBXGroup;
			children = (
				FILE000000000000000000005 /* AttemptService.swift */,
			);
			path = AttemptService;
			sourceTree = "<group>";
		};
		SVCG000000000000000000003 /* ScoringService */ = {
			isa = PBXGroup;
			children = (
				FILE000000000000000000006 /* ScoringService.swift */,
			);
			path = ScoringService;
			sourceTree = "<group>";
		};
/* End PBXGroup section */

/* Begin PBXNativeTarget section */
		010000000000000000000001 /* Logicky */ = {
			isa = PBXNativeTarget;
			buildConfigurationList = 020000000000000000000002 /* Build configuration list for PBXNativeTarget "Logicky" */;
			buildPhases = (
				050000000000000000000001 /* Sources */,
				060000000000000000000001 /* Resources */,
				070000000000000000000001 /* Frameworks */,
			);
			buildRules = (
			);
			dependencies = (
			);
			name = Logicky;
			productName = Logicky;
			productReference = 400000000000000000000001 /* Logicky.app */;
			productType = "com.apple.product-type.application";
		};
/* End PBXNativeTarget section */

/* Begin PBXProject section */
		000000000000000000000001 /* Project object */ = {
			isa = PBXProject;
			attributes = {
				BuildIndependentTargetsInParallel = 1;
				LastSwiftUpdateCheck = 1500;
				LastUpgradeCheck = 2640;
				TargetAttributes = {
					010000000000000000000001 = {
						CreatedOnToolsVersion = 15.0;
					};
				};
			};
			buildConfigurationList = 020000000000000000000001 /* Build configuration list for PBXProject "Logicky" */;
			compatibilityVersion = "Xcode 14.0";
			developmentRegion = ja;
			hasScannedForEncodings = 0;
			knownRegions = (
				ja,
				Base,
			);
			mainGroup = F00000000000000000000001;
			productRefGroup = 100000000000000000000002 /* Products */;
			projectDirPath = "";
			projectRoot = "";
			targets = (
				010000000000000000000001 /* Logicky */,
			);
		};
/* End PBXProject section */

/* Begin PBXResourcesBuildPhase section */
		060000000000000000000001 /* Resources */ = {
			isa = PBXResourcesBuildPhase;
			buildActionMask = 2147483647;
			files = (
				30000000000000000000000F /* questions.json in Resources */,
				NBLD000000000000000000008 /* thinking_methods.json in Resources */,
				300000000000000000000010 /* Assets.xcassets in Resources */,
			);
			runOnlyForDeploymentPostprocessing = 0;
		};
/* End PBXResourcesBuildPhase section */

/* Begin PBXSourcesBuildPhase section */
		050000000000000000000001 /* Sources */ = {
			isa = PBXSourcesBuildPhase;
			buildActionMask = 2147483647;
			files = (
				300000000000000000000001 /* LogickyApp.swift in Sources */,
				300000000000000000000002 /* RootView.swift in Sources */,
				300000000000000000000003 /* Question.swift in Sources */,
				300000000000000000000005 /* QuizResult.swift in Sources */,
				300000000000000000000006 /* QuizViewModel.swift in Sources */,
				300000000000000000000007 /* SplashView.swift in Sources */,
				300000000000000000000008 /* HomeView.swift in Sources */,
				300000000000000000000009 /* QuizContainerView.swift in Sources */,
				30000000000000000000000A /* MultipleChoiceView.swift in Sources */,
				30000000000000000000000B /* FreeTextView.swift in Sources */,
				30000000000000000000000C /* ResultView.swift in Sources */,
				30000000000000000000000D /* RadarChartView.swift in Sources */,
				30000000000000000000000E /* QuestionService.swift in Sources */,
				BFIL000000000000000000001 /* Unit.swift in Sources */,
				BFIL000000000000000000002 /* Attempt.swift in Sources */,
				BFIL000000000000000000003 /* HomeViewModel.swift in Sources */,
				BFIL000000000000000000004 /* HistoryView.swift in Sources */,
				BFIL000000000000000000005 /* AttemptService.swift in Sources */,
				BFIL000000000000000000006 /* ScoringService.swift in Sources */,
				NBLD000000000000000000001 /* LevelSelectionView.swift in Sources */,
				NBLD000000000000000000002 /* UnitSelectionView.swift in Sources */,
				NBLD000000000000000000003 /* UnitDetailView.swift in Sources */,
				NBLD000000000000000000004 /* ThinkingMethod.swift in Sources */,
				NBLD000000000000000000005 /* ThinkingMethodService.swift in Sources */,
				NBLD000000000000000000006 /* DictionaryListView.swift in Sources */,
				NBLD000000000000000000007 /* DictionaryDetailView.swift in Sources */,
				NBLD000000000000000000009 /* DiagnosticResult.swift in Sources */,
				NBLD000000000000000000010 /* DiagnosticService.swift in Sources */,
				NBLD000000000000000000011 /* DiagnosticViewModel.swift in Sources */,
				NBLD000000000000000000012 /* DiagnosticStartView.swift in Sources */,
				NBLD000000000000000000013 /* DiagnosticQuizView.swift in Sources */,
				NBLD000000000000000000014 /* DiagnosticResultView.swift in Sources */,
				NBLD000000000000000000015 /* ResultReviewView.swift in Sources */,
			);
			runOnlyForDeploymentPostprocessing = 0;
		};
/* End PBXSourcesBuildPhase section */

/* Begin XCBuildConfiguration section */
		030000000000000000000001 /* Debug */ = {
			isa = XCBuildConfiguration;
			buildSettings = {
				ALWAYS_SEARCH_USER_PATHS = NO;
				ASSETCATALOG_COMPILER_GENERATE_SWIFT_ASSET_SYMBOL_EXTENSIONS = YES;
				CLANG_ANALYZER_NONNULL = YES;
				CLANG_ANALYZER_NUMBER_OBJECT_CONVERSION = YES_AGGRESSIVE;
				CLANG_CXX_LANGUAGE_STANDARD = "gnu++20";
				CLANG_ENABLE_MODULES = YES;
				CLANG_ENABLE_OBJC_ARC = YES;
				CLANG_ENABLE_OBJC_WEAK = YES;
				CLANG_WARN_BLOCK_CAPTURE_AUTORELEASING = YES;
				CLANG_WARN_BOOL_CONVERSION = YES;
				CLANG_WARN_COMMA = YES;
				CLANG_WARN_CONSTANT_CONVERSION = YES;
				CLANG_WARN_DEPRECATED_OBJC_IMPLEMENTATIONS = YES;
				CLANG_WARN_DIRECT_OBJC_ISA_USAGE = YES_ERROR;
				CLANG_WARN_EMPTY_BODY = YES;
				CLANG_WARN_ENUM_CONVERSION = YES;
				CLANG_WARN_INFINITE_RECURSION = YES;
				CLANG_WARN_INT_CONVERSION = YES;
				CLANG_WARN_NON_LITERAL_NULL_CONVERSION = YES;
				CLANG_WARN_OBJC_IMPLICIT_RETAIN_SELF = YES;
				CLANG_WARN_OBJC_LITERAL_CONVERSION = YES;
				CLANG_WARN_OBJC_ROOT_CLASS = YES_ERROR;
				CLANG_WARN_QUOTED_INCLUDE_IN_FRAMEWORK_HEADER = YES;
				CLANG_WARN_RANGE_LOOP_ANALYSIS = YES;
				CLANG_WARN_STRICT_PROTOTYPES = YES;
				CLANG_WARN_SUSPICIOUS_MOVE = YES;
				CLANG_WARN_UNGUARDED_AVAILABILITY = YES_AGGRESSIVE;
				CLANG_WARN_UNREACHABLE_CODE = YES;
				CLANG_WARN__DUPLICATE_METHOD_MATCH = YES;
				COPY_PHASE_STRIP = NO;
				DEBUG_INFORMATION_FORMAT = dwarf;
				ENABLE_STRICT_OBJC_MSGSEND = YES;
				ENABLE_TESTABILITY = YES;
				ENABLE_USER_SCRIPT_SANDBOXING = YES;
				GCC_C_LANGUAGE_STANDARD = gnu17;
				GCC_DYNAMIC_NO_PIC = NO;
				GCC_NO_COMMON_BLOCKS = YES;
				GCC_OPTIMIZATION_LEVEL = 0;
				GCC_PREPROCESSOR_DEFINITIONS = (
					"DEBUG=1",
					"$(inherited)",
				);
				GCC_WARN_64_TO_32_BIT_CONVERSION = YES;
				GCC_WARN_ABOUT_RETURN_TYPE = YES_ERROR;
				GCC_WARN_UNDECLARED_SELECTOR = YES;
				GCC_WARN_UNINITIALIZED_AUTOS = YES_AGGRESSIVE;
				GCC_WARN_UNUSED_FUNCTION = YES;
				GCC_WARN_UNUSED_VARIABLE = YES;
				IPHONEOS_DEPLOYMENT_TARGET = 17.0;
				MTL_ENABLE_DEBUG_INFO = INCLUDE_SOURCE;
				MTL_FAST_MATH = YES;
				ONLY_ACTIVE_ARCH = YES;
				SDKROOT = iphoneos;
				STRING_CATALOG_GENERATE_SYMBOLS = YES;
				SWIFT_ACTIVE_COMPILATION_CONDITIONS = DEBUG;
				SWIFT_OPTIMIZATION_LEVEL = "-Onone";
			};
			name = Debug;
		};
		030000000000000000000002 /* Release */ = {
			isa = XCBuildConfiguration;
			buildSettings = {
				ALWAYS_SEARCH_USER_PATHS = NO;
				ASSETCATALOG_COMPILER_GENERATE_SWIFT_ASSET_SYMBOL_EXTENSIONS = YES;
				CLANG_ANALYZER_NONNULL = YES;
				CLANG_ANALYZER_NUMBER_OBJECT_CONVERSION = YES_AGGRESSIVE;
				CLANG_CXX_LANGUAGE_STANDARD = "gnu++20";
				CLANG_ENABLE_MODULES = YES;
				CLANG_ENABLE_OBJC_ARC = YES;
				CLANG_ENABLE_OBJC_WEAK = YES;
				CLANG_WARN_BLOCK_CAPTURE_AUTORELEASING = YES;
				CLANG_WARN_BOOL_CONVERSION = YES;
				CLANG_WARN_COMMA = YES;
				CLANG_WARN_CONSTANT_CONVERSION = YES;
				CLANG_WARN_DEPRECATED_OBJC_IMPLEMENTATIONS = YES;
				CLANG_WARN_DIRECT_OBJC_ISA_USAGE = YES_ERROR;
				CLANG_WARN_EMPTY_BODY = YES;
				CLANG_WARN_ENUM_CONVERSION = YES;
				CLANG_WARN_INFINITE_RECURSION = YES;
				CLANG_WARN_INT_CONVERSION = YES;
				CLANG_WARN_NON_LITERAL_NULL_CONVERSION = YES;
				CLANG_WARN_OBJC_IMPLICIT_RETAIN_SELF = YES;
				CLANG_WARN_OBJC_LITERAL_CONVERSION = YES;
				CLANG_WARN_OBJC_ROOT_CLASS = YES_ERROR;
				CLANG_WARN_QUOTED_INCLUDE_IN_FRAMEWORK_HEADER = YES;
				CLANG_WARN_RANGE_LOOP_ANALYSIS = YES;
				CLANG_WARN_STRICT_PROTOTYPES = YES;
				CLANG_WARN_SUSPICIOUS_MOVE = YES;
				CLANG_WARN_UNGUARDED_AVAILABILITY = YES_AGGRESSIVE;
				CLANG_WARN_UNREACHABLE_CODE = YES;
				CLANG_WARN__DUPLICATE_METHOD_MATCH = YES;
				COPY_PHASE_STRIP = NO;
				DEBUG_INFORMATION_FORMAT = "dwarf-with-dsym";
				ENABLE_NS_ASSERTIONS = NO;
				ENABLE_STRICT_OBJC_MSGSEND = YES;
				ENABLE_USER_SCRIPT_SANDBOXING = YES;
				GCC_C_LANGUAGE_STANDARD = gnu17;
				GCC_NO_COMMON_BLOCKS = YES;
				GCC_WARN_64_TO_32_BIT_CONVERSION = YES;
				GCC_WARN_ABOUT_RETURN_TYPE = YES_ERROR;
				GCC_WARN_UNDECLARED_SELECTOR = YES;
				GCC_WARN_UNINITIALIZED_AUTOS = YES_AGGRESSIVE;
				GCC_WARN_UNUSED_FUNCTION = YES;
				GCC_WARN_UNUSED_VARIABLE = YES;
				IPHONEOS_DEPLOYMENT_TARGET = 17.0;
				MTL_FAST_MATH = YES;
				SDKROOT = iphoneos;
				STRING_CATALOG_GENERATE_SYMBOLS = YES;
				SWIFT_COMPILATION_MODE = wholemodule;
				SWIFT_OPTIMIZATION_LEVEL = "-O";
				VALIDATE_PRODUCT = YES;
			};
			name = Release;
		};
		040000000000000000000001 /* Debug */ = {
			isa = XCBuildConfiguration;
			buildSettings = {
				ASSETCATALOG_COMPILER_APPICON_NAME = AppIcon;
				ASSETCATALOG_COMPILER_GLOBAL_ACCENT_COLOR_NAME = AccentColor;
				CODE_SIGN_STYLE = Automatic;
				CURRENT_PROJECT_VERSION = 1;
				ENABLE_PREVIEWS = YES;
				GENERATE_INFOPLIST_FILE = YES;
				INFOPLIST_KEY_UIApplicationSceneManifest_Generation = YES;
				INFOPLIST_KEY_UIApplicationSupportsIndirectInputEvents = YES;
				INFOPLIST_KEY_UILaunchScreen_Generation = YES;
				INFOPLIST_KEY_UISupportedInterfaceOrientations_iPhone = "UIInterfaceOrientationPortrait UIInterfaceOrientationLandscapeLeft UIInterfaceOrientationLandscapeRight";
				LD_RUNPATH_SEARCH_PATHS = (
					"$(inherited)",
					"@executable_path/Frameworks",
				);
				MARKETING_VERSION = 1.0;
				PRODUCT_BUNDLE_IDENTIFIER = co.jp.oiroba.logicky;
				PRODUCT_NAME = "$(TARGET_NAME)";
				SWIFT_EMIT_LOC_STRINGS = YES;
				SWIFT_VERSION = 5.0;
				TARGETED_DEVICE_FAMILY = 1;
			};
			name = Debug;
		};
		040000000000000000000002 /* Release */ = {
			isa = XCBuildConfiguration;
			buildSettings = {
				ASSETCATALOG_COMPILER_APPICON_NAME = AppIcon;
				ASSETCATALOG_COMPILER_GLOBAL_ACCENT_COLOR_NAME = AccentColor;
				CODE_SIGN_STYLE = Automatic;
				CURRENT_PROJECT_VERSION = 1;
				ENABLE_PREVIEWS = YES;
				GENERATE_INFOPLIST_FILE = YES;
				INFOPLIST_KEY_UIApplicationSceneManifest_Generation = YES;
				INFOPLIST_KEY_UIApplicationSupportsIndirectInputEvents = YES;
				INFOPLIST_KEY_UILaunchScreen_Generation = YES;
				INFOPLIST_KEY_UISupportedInterfaceOrientations_iPhone = "UIInterfaceOrientationPortrait UIInterfaceOrientationLandscapeLeft UIInterfaceOrientationLandscapeRight";
				LD_RUNPATH_SEARCH_PATHS = (
					"$(inherited)",
					"@executable_path/Frameworks",
				);
				MARKETING_VERSION = 1.0;
				PRODUCT_BUNDLE_IDENTIFIER = co.jp.oiroba.logicky;
				PRODUCT_NAME = "$(TARGET_NAME)";
				SWIFT_EMIT_LOC_STRINGS = YES;
				SWIFT_VERSION = 5.0;
				TARGETED_DEVICE_FAMILY = 1;
			};
			name = Release;
		};
/* End XCBuildConfiguration section */

/* Begin XCConfigurationList section */
		020000000000000000000001 /* Build configuration list for PBXProject "Logicky" */ = {
			isa = XCConfigurationList;
			buildConfigurations = (
				030000000000000000000001 /* Debug */,
				030000000000000000000002 /* Release */,
			);
			defaultConfigurationIsVisible = 0;
			defaultConfigurationName = Release;
		};
		020000000000000000000002 /* Build configuration list for PBXNativeTarget "Logicky" */ = {
			isa = XCConfigurationList;
			buildConfigurations = (
				040000000000000000000001 /* Debug */,
				040000000000000000000002 /* Release */,
			);
			defaultConfigurationIsVisible = 0;
			defaultConfigurationName = Release;
		};
/* End XCConfigurationList section */
	};
	rootObject = 000000000000000000000001 /* Project object */;
}
